
Microsoft Visual Studio Solution File, Format Version 12.00
# Visual Studio Version 17
VisualStudioVersion = 17.5.33627.172
MinimumVisualStudioVersion = 10.0.40219.1
Project("{FAE04EC0-301F-11D3-BF4B-00C04F79EFBC}") = "MongoIdentityTemplate.Web.API", "MongoIdentityTemplate.Web.API\MongoIdentityTemplate.Web.API.csproj", "{A834B4D5-235A-4FE1-BD75-73F3ADC99455}"
EndProject
Project("{54A90642-561A-4BB1-A94E-469ADEE60C69}") = "MongoIdentityTemplate.Web.UI", "MongoIdentityTemplate.Web.UI\MongoIdentityTemplate.Web.UI.esproj", "{AB0893AA-45FB-4327-952C-03340726BA7D}"
EndProject
Global
	GlobalSection(SolutionConfigurationPlatforms) = preSolution
		Debug|Any CPU = Debug|Any CPU
		Release|Any CPU = Release|Any CPU
	EndGlobalSection
	GlobalSection(ProjectConfigurationPlatforms) = postSolution
		{A834B4D5-235A-4FE1-BD75-73F3ADC99455}.Debug|Any CPU.ActiveCfg = Debug|Any CPU
		{A834B4D5-235A-4FE1-BD75-73F3ADC99455}.Debug|Any CPU.Build.0 = Debug|Any CPU
		{A834B4D5-235A-4FE1-BD75-73F3ADC99455}.Release|Any CPU.ActiveCfg = Release|Any CPU
		{A834B4D5-235A-4FE1-BD75-73F3ADC99455}.Release|Any CPU.Build.0 = Release|Any CPU
		{AB0893AA-45FB-4327-952C-03340726BA7D}.Debug|Any CPU.ActiveCfg = Debug|Any CPU
		{AB0893AA-45FB-4327-952C-03340726BA7D}.Debug|Any CPU.Build.0 = Debug|Any CPU
		{AB0893AA-45FB-4327-952C-03340726BA7D}.Debug|Any CPU.Deploy.0 = Debug|Any CPU
		{AB0893AA-45FB-4327-952C-03340726BA7D}.Release|Any CPU.ActiveCfg = Release|Any CPU
		{AB0893AA-45FB-4327-952C-03340726BA7D}.Release|Any CPU.Build.0 = Release|Any CPU
		{AB0893AA-45FB-4327-952C-03340726BA7D}.Release|Any CPU.Deploy.0 = Release|Any CPU
	EndGlobalSection
	GlobalSection(SolutionProperties) = preSolution
		HideSolutionNode = FALSE
	EndGlobalSection
	GlobalSection(ExtensibilityGlobals) = postSolution
		SolutionGuid = {85120FCE-2793-424F-96E1-0CEEB82A267D}
	EndGlobalSection
EndGlobal
